
Microsoft Visual Studio Solution File, Format Version 12.00
# Visual Studio 2013
VisualStudioVersion = 12.0.31101.0
MinimumVisualStudioVersion = 10.0.40219.1
Project("{F2A71F9B-5D33-465A-A702-920D77279786}") = "FsPlcModel", "FsPlcModel\FsPlcModel.fsproj", "{5CC0F078-691B-43EA-A2F1-6851C091F90E}"
EndProject
Project("{2150E333-8FDC-42A3-9474-1A3956D46DE8}") = ".nuget", ".nuget", "{0F1AFD8F-BBFF-475A-A42E-EAA6DBFD1C14}"
	ProjectSection(SolutionItems) = preProject
		.nuget\packages.config = .nuget\packages.config
	EndProjectSection
EndProject
Project("{F2A71F9B-5D33-465A-A702-920D77279786}") = "FsPlcVm", "FsPlcVm\FsPlcVm.fsproj", "{619E12B8-DA3C-4C6F-AA99-3B8BB199957B}"
EndProject
Project("{F2A71F9B-5D33-465A-A702-920D77279786}") = "FsPlcCompiler", "FsPlcCompiler\FsPlcCompiler.fsproj", "{E1ADA473-080E-46F6-A590-46596142AB99}"
EndProject
Global
	GlobalSection(SolutionConfigurationPlatforms) = preSolution
		Debug|Any CPU = Debug|Any CPU
		Debug|x64 = Debug|x64
		Debug|x86 = Debug|x86
		Release|Any CPU = Release|Any CPU
		Release|x64 = Release|x64
		Release|x86 = Release|x86
	EndGlobalSection
	GlobalSection(ProjectConfigurationPlatforms) = postSolution
		{5CC0F078-691B-43EA-A2F1-6851C091F90E}.Debug|Any CPU.ActiveCfg = Debug|Any CPU
		{5CC0F078-691B-43EA-A2F1-6851C091F90E}.Debug|Any CPU.Build.0 = Debug|Any CPU
		{5CC0F078-691B-43EA-A2F1-6851C091F90E}.Debug|x64.ActiveCfg = Debug|x64
		{5CC0F078-691B-43EA-A2F1-6851C091F90E}.Debug|x64.Build.0 = Debug|x64
		{5CC0F078-691B-43EA-A2F1-6851C091F90E}.Debug|x86.ActiveCfg = Debug|Any CPU
		{5CC0F078-691B-43EA-A2F1-6851C091F90E}.Release|Any CPU.ActiveCfg = Release|Any CPU
		{5CC0F078-691B-43EA-A2F1-6851C091F90E}.Release|Any CPU.Build.0 = Release|Any CPU
		{5CC0F078-691B-43EA-A2F1-6851C091F90E}.Release|x64.ActiveCfg = Release|Any CPU
		{5CC0F078-691B-43EA-A2F1-6851C091F90E}.Release|x86.ActiveCfg = Release|Any CPU
		{619E12B8-DA3C-4C6F-AA99-3B8BB199957B}.Debug|Any CPU.ActiveCfg = Debug|Any CPU
		{619E12B8-DA3C-4C6F-AA99-3B8BB199957B}.Debug|Any CPU.Build.0 = Debug|Any CPU
		{619E12B8-DA3C-4C6F-AA99-3B8BB199957B}.Debug|x64.ActiveCfg = Debug|x64
		{619E12B8-DA3C-4C6F-AA99-3B8BB199957B}.Debug|x64.Build.0 = Debug|x64
		{619E12B8-DA3C-4C6F-AA99-3B8BB199957B}.Debug|x86.ActiveCfg = Debug|Any CPU
		{619E12B8-DA3C-4C6F-AA99-3B8BB199957B}.Release|Any CPU.ActiveCfg = Release|Any CPU
		{619E12B8-DA3C-4C6F-AA99-3B8BB199957B}.Release|Any CPU.Build.0 = Release|Any CPU
		{619E12B8-DA3C-4C6F-AA99-3B8BB199957B}.Release|x64.ActiveCfg = Release|Any CPU
		{619E12B8-DA3C-4C6F-AA99-3B8BB199957B}.Release|x86.ActiveCfg = Release|Any CPU
		{E1ADA473-080E-46F6-A590-46596142AB99}.Debug|Any CPU.ActiveCfg = Debug|Any CPU
		{E1ADA473-080E-46F6-A590-46596142AB99}.Debug|Any CPU.Build.0 = Debug|Any CPU
		{E1ADA473-080E-46F6-A590-46596142AB99}.Debug|x64.ActiveCfg = Debug|x64
		{E1ADA473-080E-46F6-A590-46596142AB99}.Debug|x64.Build.0 = Debug|x64
		{E1ADA473-080E-46F6-A590-46596142AB99}.Debug|x86.ActiveCfg = Debug|Any CPU
		{E1ADA473-080E-46F6-A590-46596142AB99}.Release|Any CPU.ActiveCfg = Release|Any CPU
		{E1ADA473-080E-46F6-A590-46596142AB99}.Release|Any CPU.Build.0 = Release|Any CPU
		{E1ADA473-080E-46F6-A590-46596142AB99}.Release|x64.ActiveCfg = Release|Any CPU
		{E1ADA473-080E-46F6-A590-46596142AB99}.Release|x86.ActiveCfg = Release|Any CPU
	EndGlobalSection
	GlobalSection(SolutionProperties) = preSolution
		HideSolutionNode = FALSE
	EndGlobalSection
EndGlobal
